// !$*UTF8*$!
{
	archiveVersion = 1;
	classes = {
	};
	objectVersion = 55;
	objects = {

/* Begin PBXBuildFile section */
		29460383294C3D6000175C2A /* AppDelegate.swift in Sources */ = {isa = PBXBuildFile; fileRef = 29460382294C3D6000175C2A /* AppDelegate.swift */; };
		29460385294C3D6000175C2A /* SceneDelegate.swift in Sources */ = {isa = PBXBuildFile; fileRef = 29460384294C3D6000175C2A /* SceneDelegate.swift */; };
		29460387294C3D6000175C2A /* ConversationsViewController.swift in Sources */ = {isa = PBXBuildFile; fileRef = 29460386294C3D6000175C2A /* ConversationsViewController.swift */; };
		2946038A294C3D6000175C2A /* Main.storyboard in Resources */ = {isa = PBXBuildFile; fileRef = 29460388294C3D6000175C2A /* Main.storyboard */; };
		2946038C294C3D6400175C2A /* Assets.xcassets in Resources */ = {isa = PBXBuildFile; fileRef = 2946038B294C3D6400175C2A /* Assets.xcassets */; };
		2946038F294C3D6400175C2A /* LaunchScreen.storyboard in Resources */ = {isa = PBXBuildFile; fileRef = 2946038D294C3D6400175C2A /* LaunchScreen.storyboard */; };
		2946039E294C475300175C2A /* LogInViewController.swift in Sources */ = {isa = PBXBuildFile; fileRef = 2946039D294C475200175C2A /* LogInViewController.swift */; };
		294603A0294C476200175C2A /* RegisterViewController.swift in Sources */ = {isa = PBXBuildFile; fileRef = 2946039F294C476200175C2A /* RegisterViewController.swift */; };
		294603A2294C479000175C2A /* PhotoViewerViewController.swift in Sources */ = {isa = PBXBuildFile; fileRef = 294603A1294C479000175C2A /* PhotoViewerViewController.swift */; };
		294603A4294C479E00175C2A /* VideoPlayerViewController.swift in Sources */ = {isa = PBXBuildFile; fileRef = 294603A3294C479E00175C2A /* VideoPlayerViewController.swift */; };
		294603A6294C47CA00175C2A /* NewConversationViewController.swift in Sources */ = {isa = PBXBuildFile; fileRef = 294603A5294C47CA00175C2A /* NewConversationViewController.swift */; };
		294603A8294C47DE00175C2A /* ProfileViewController.swift in Sources */ = {isa = PBXBuildFile; fileRef = 294603A7294C47DE00175C2A /* ProfileViewController.swift */; };
/* End PBXBuildFile section */

/* Begin PBXFileReference section */
		2946037F294C3D6000175C2A /* MessangerApp.app */ = {isa = PBXFileReference; explicitFileType = wrapper.application; includeInIndex = 0; path = MessangerApp.app; sourceTree = BUILT_PRODUCTS_DIR; };
		29460382294C3D6000175C2A /* AppDelegate.swift */ = {isa = PBXFileReference; lastKnownFileType = sourcecode.swift; path = AppDelegate.swift; sourceTree = "<group>"; };
		29460384294C3D6000175C2A /* SceneDelegate.swift */ = {isa = PBXFileReference; lastKnownFileType = sourcecode.swift; path = SceneDelegate.swift; sourceTree = "<group>"; };
		29460386294C3D6000175C2A /* ConversationsViewController.swift */ = {isa = PBXFileReference; lastKnownFileType = sourcecode.swift; path = ConversationsViewController.swift; sourceTree = "<group>"; };
		29460389294C3D6000175C2A /* Base */ = {isa = PBXFileReference; lastKnownFileType = file.storyboard; name = Base; path = Base.lproj/Main.storyboard; sourceTree = "<group>"; };
		2946038B294C3D6400175C2A /* Assets.xcassets */ = {isa = PBXFileReference; lastKnownFileType = folder.assetcatalog; path = Assets.xcassets; sourceTree = "<group>"; };
		2946038E294C3D6400175C2A /* Base */ = {isa = PBXFileReference; lastKnownFileType = file.storyboard; name = Base; path = Base.lproj/LaunchScreen.storyboard; sourceTree = "<group>"; };
		29460390294C3D6400175C2A /* Info.plist */ = {isa = PBXFileReference; lastKnownFileType = text.plist.xml; path = Info.plist; sourceTree = "<group>"; };
		2946039D294C475200175C2A /* LogInViewController.swift */ = {isa = PBXFileReference; lastKnownFileType = sourcecode.swift; path = LogInViewController.swift; sourceTree = "<group>"; };
		2946039F294C476200175C2A /* RegisterViewController.swift */ = {isa = PBXFileReference; lastKnownFileType = sourcecode.swift; path = RegisterViewController.swift; sourceTree = "<group>"; };
		294603A1294C479000175C2A /* PhotoViewerViewController.swift */ = {isa = PBXFileReference; lastKnownFileType = sourcecode.swift; path = PhotoViewerViewController.swift; sourceTree = "<group>"; };
		294603A3294C479E00175C2A /* VideoPlayerViewController.swift */ = {isa = PBXFileReference; lastKnownFileType = sourcecode.swift; path = VideoPlayerViewController.swift; sourceTree = "<group>"; };
		294603A5294C47CA00175C2A /* NewConversationViewController.swift */ = {isa = PBXFileReference; lastKnownFileType = sourcecode.swift; path = NewConversationViewController.swift; sourceTree = "<group>"; };
		294603A7294C47DE00175C2A /* ProfileViewController.swift */ = {isa = PBXFileReference; lastKnownFileType = sourcecode.swift; path = ProfileViewController.swift; sourceTree = "<group>"; };
/* End PBXFileReference section */

/* Begin PBXFrameworksBuildPhase section */
		2946037C294C3D6000175C2A /* Frameworks */ = {
			isa = PBXFrameworksBuildPhase;
			buildActionMask = 2147483647;
			files = (
			);
			runOnlyForDeploymentPostprocessing = 0;
		};
/* End PBXFrameworksBuildPhase section */

/* Begin PBXGroup section */
		29460376294C3D6000175C2A = {
			isa = PBXGroup;
			children = (
				29460381294C3D6000175C2A /* MessangerApp */,
				29460380294C3D6000175C2A /* Products */,
			);
			sourceTree = "<group>";
		};
		29460380294C3D6000175C2A /* Products */ = {
			isa = PBXGroup;
			children = (
				2946037F294C3D6000175C2A /* MessangerApp.app */,
			);
			name = Products;
			sourceTree = "<group>";
		};
		29460381294C3D6000175C2A /* MessangerApp */ = {
			isa = PBXGroup;
			children = (
				2946039B294C452C00175C2A /* Resources */,
				2946039A294C451D00175C2A /* ViewModels */,
				29460399294C451200175C2A /* Models */,
				29460398294C450600175C2A /* Views */,
				29460396294C44E600175C2A /* Controllers */,
				29460390294C3D6400175C2A /* Info.plist */,
			);
			path = MessangerApp;
			sourceTree = "<group>";
		};
		29460396294C44E600175C2A /* Controllers */ = {
			isa = PBXGroup;
			children = (
				29460386294C3D6000175C2A /* ConversationsViewController.swift */,
				2946039D294C475200175C2A /* LogInViewController.swift */,
				2946039F294C476200175C2A /* RegisterViewController.swift */,
				294603A1294C479000175C2A /* PhotoViewerViewController.swift */,
				294603A3294C479E00175C2A /* VideoPlayerViewController.swift */,
				294603A5294C47CA00175C2A /* NewConversationViewController.swift */,
				294603A7294C47DE00175C2A /* ProfileViewController.swift */,
			);
			path = Controllers;
			sourceTree = "<group>";
		};
		29460398294C450600175C2A /* Views */ = {
			isa = PBXGroup;
			children = (
				2946039C294C459A00175C2A /* Storyboards */,
				2946038B294C3D6400175C2A /* Assets.xcassets */,
			);
			path = Views;
			sourceTree = "<group>";
		};
		29460399294C451200175C2A /* Models */ = {
			isa = PBXGroup;
			children = (
			);
			path = Models;
			sourceTree = "<group>";
		};
		2946039A294C451D00175C2A /* ViewModels */ = {
			isa = PBXGroup;
			children = (
			);
			path = ViewModels;
			sourceTree = "<group>";
		};
		2946039B294C452C00175C2A /* Resources */ = {
			isa = PBXGroup;
			children = (
				29460384294C3D6000175C2A /* SceneDelegate.swift */,
				29460382294C3D6000175C2A /* AppDelegate.swift */,
			);
			path = Resources;
			sourceTree = "<group>";
		};
		2946039C294C459A00175C2A /* Storyboards */ = {
			isa = PBXGroup;
			children = (
				2946038D294C3D6400175C2A /* LaunchScreen.storyboard */,
				29460388294C3D6000175C2A /* Main.storyboard */,
			);
			path = Storyboards;
			sourceTree = "<group>";
		};
/* End PBXGroup section */

/* Begin PBXNativeTarget section */
		2946037E294C3D6000175C2A /* MessangerApp */ = {
			isa = PBXNativeTarget;
			buildConfigurationList = 29460393294C3D6400175C2A /* Build configuration list for PBXNativeTarget "MessangerApp" */;
			buildPhases = (
				2946037B294C3D6000175C2A /* Sources */,
				2946037C294C3D6000175C2A /* Frameworks */,
				2946037D294C3D6000175C2A /* Resources */,
			);
			buildRules = (
			);
			dependencies = (
			);
			name = MessangerApp;
			productName = MessangerApp;
			productReference = 2946037F294C3D6000175C2A /* MessangerApp.app */;
			productType = "com.apple.product-type.application";
		};
/* End PBXNativeTarget section */

/* Begin PBXProject section */
		29460377294C3D6000175C2A /* Project object */ = {
			isa = PBXProject;
			attributes = {
				BuildIndependentTargetsInParallel = 1;
				LastSwiftUpdateCheck = 1330;
				LastUpgradeCheck = 1330;
				TargetAttributes = {
					2946037E294C3D6000175C2A = {
						CreatedOnToolsVersion = 13.3.1;
					};
				};
			};
			buildConfigurationList = 2946037A294C3D6000175C2A /* Build configuration list for PBXProject "MessangerApp" */;
			compatibilityVersion = "Xcode 13.0";
			developmentRegion = en;
			hasScannedForEncodings = 0;
			knownRegions = (
				en,
				Base,
			);
			mainGroup = 29460376294C3D6000175C2A;
			productRefGroup = 29460380294C3D6000175C2A /* Products */;
			projectDirPath = "";
			projectRoot = "";
			targets = (
				2946037E294C3D6000175C2A /* MessangerApp */,
			);
		};
/* End PBXProject section */

/* Begin PBXResourcesBuildPhase section */
		2946037D294C3D6000175C2A /* Resources */ = {
			isa = PBXResourcesBuildPhase;
			buildActionMask = 2147483647;
			files = (
				2946038F294C3D6400175C2A /* LaunchScreen.storyboard in Resources */,
				2946038C294C3D6400175C2A /* Assets.xcassets in Resources */,
				2946038A294C3D6000175C2A /* Main.storyboard in Resources */,
			);
			runOnlyForDeploymentPostprocessing = 0;
		};
/* End PBXResourcesBuildPhase section */

/* Begin PBXSourcesBuildPhase section */
		2946037B294C3D6000175C2A /* Sources */ = {
			isa = PBXSourcesBuildPhase;
			buildActionMask = 2147483647;
			files = (
				2946039E294C475300175C2A /* LogInViewController.swift in Sources */,
				294603A0294C476200175C2A /* RegisterViewController.swift in Sources */,
				294603A6294C47CA00175C2A /* NewConversationViewController.swift in Sources */,
				29460387294C3D6000175C2A /* ConversationsViewController.swift in Sources */,
				294603A4294C479E00175C2A /* VideoPlayerViewController.swift in Sources */,
				29460383294C3D6000175C2A /* AppDelegate.swift in Sources */,
				294603A8294C47DE00175C2A /* ProfileViewController.swift in Sources */,
				29460385294C3D6000175C2A /* SceneDelegate.swift in Sources */,
				294603A2294C479000175C2A /* PhotoViewerViewController.swift in Sources */,
			);
			runOnlyForDeploymentPostprocessing = 0;
		};
/* End PBXSourcesBuildPhase section */

/* Begin PBXVariantGroup section */
		29460388294C3D6000175C2A /* Main.storyboard */ = {
			isa = PBXVariantGroup;
			children = (
				29460389294C3D6000175C2A /* Base */,
			);
			name = Main.storyboard;
			sourceTree = "<group>";
		};
		2946038D294C3D6400175C2A /* LaunchScreen.storyboard */ = {
			isa = PBXVariantGroup;
			children = (
				2946038E294C3D6400175C2A /* Base */,
			);
			name = LaunchScreen.storyboard;
			sourceTree = "<group>";
		};
/* End PBXVariantGroup section */

/* Begin XCBuildConfiguration section */
		29460391294C3D6400175C2A /* Debug */ = {
			isa = XCBuildConfiguration;
			buildSettings = {
				ALWAYS_SEARCH_USER_PATHS = NO;
				CLANG_ANALYZER_NONNULL = YES;
				CLANG_ANALYZER_NUMBER_OBJECT_CONVERSION = YES_AGGRESSIVE;
				CLANG_CXX_LANGUAGE_STANDARD = "gnu++17";
				CLANG_ENABLE_MODULES = YES;
				CLANG_ENABLE_OBJC_ARC = YES;
				CLANG_ENABLE_OBJC_WEAK = YES;
				CLANG_WARN_BLOCK_CAPTURE_AUTORELEASING = YES;
				CLANG_WARN_BOOL_CONVERSION = YES;
				CLANG_WARN_COMMA = YES;
				CLANG_WARN_CONSTANT_CONVERSION = YES;
				CLANG_WARN_DEPRECATED_OBJC_IMPLEMENTATIONS = YES;
				CLANG_WARN_DIRECT_OBJC_ISA_USAGE = YES_ERROR;
				CLANG_WARN_DOCUMENTATION_COMMENTS = YES;
				CLANG_WARN_EMPTY_BODY = YES;
				CLANG_WARN_ENUM_CONVERSION = YES;
				CLANG_WARN_INFINITE_RECURSION = YES;
				CLANG_WARN_INT_CONVERSION = YES;
				CLANG_WARN_NON_LITERAL_NULL_CONVERSION = YES;
				CLANG_WARN_OBJC_IMPLICIT_RETAIN_SELF = YES;
				CLANG_WARN_OBJC_LITERAL_CONVERSION = YES;
				CLANG_WARN_OBJC_ROOT_CLASS = YES_ERROR;
				CLANG_WARN_QUOTED_INCLUDE_IN_FRAMEWORK_HEADER = YES;
				CLANG_WARN_RANGE_LOOP_ANALYSIS = YES;
				CLANG_WARN_STRICT_PROTOTYPES = YES;
				CLANG_WARN_SUSPICIOUS_MOVE = YES;
				CLANG_WARN_UNGUARDED_AVAILABILITY = YES_AGGRESSIVE;
				CLANG_WARN_UNREACHABLE_CODE = YES;
				CLANG_WARN__DUPLICATE_METHOD_MATCH = YES;
				COPY_PHASE_STRIP = NO;
				DEBUG_INFORMATION_FORMAT = dwarf;
				ENABLE_STRICT_OBJC_MSGSEND = YES;
				ENABLE_TESTABILITY = YES;
				GCC_C_LANGUAGE_STANDARD = gnu11;
				GCC_DYNAMIC_NO_PIC = NO;
				GCC_NO_COMMON_BLOCKS = YES;
				GCC_OPTIMIZATION_LEVEL = 0;
				GCC_PREPROCESSOR_DEFINITIONS = (
					"DEBUG=1",
					"$(inherited)",
				);
				GCC_WARN_64_TO_32_BIT_CONVERSION = YES;
				GCC_WARN_ABOUT_RETURN_TYPE = YES_ERROR;
				GCC_WARN_UNDECLARED_SELECTOR = YES;
				GCC_WARN_UNINITIALIZED_AUTOS = YES_AGGRESSIVE;
				GCC_WARN_UNUSED_FUNCTION = YES;
				GCC_WARN_UNUSED_VARIABLE = YES;
				IPHONEOS_DEPLOYMENT_TARGET = 15.4;
				MTL_ENABLE_DEBUG_INFO = INCLUDE_SOURCE;
				MTL_FAST_MATH = YES;
				ONLY_ACTIVE_ARCH = YES;
				SDKROOT = iphoneos;
				SWIFT_ACTIVE_COMPILATION_CONDITIONS = DEBUG;
				SWIFT_OPTIMIZATION_LEVEL = "-Onone";
			};
			name = Debug;
		};
		29460392294C3D6400175C2A /* Release */ = {
			isa = XCBuildConfiguration;
			buildSettings = {
				ALWAYS_SEARCH_USER_PATHS = NO;
				CLANG_ANALYZER_NONNULL = YES;
				CLANG_ANALYZER_NUMBER_OBJECT_CONVERSION = YES_AGGRESSIVE;
				CLANG_CXX_LANGUAGE_STANDARD = "gnu++17";
				CLANG_ENABLE_MODULES = YES;
				CLANG_ENABLE_OBJC_ARC = YES;
				CLANG_ENABLE_OBJC_WEAK = YES;
				CLANG_WARN_BLOCK_CAPTURE_AUTORELEASING = YES;
				CLANG_WARN_BOOL_CONVERSION = YES;
				CLANG_WARN_COMMA = YES;
				CLANG_WARN_CONSTANT_CONVERSION = YES;
				CLANG_WARN_DEPRECATED_OBJC_IMPLEMENTATIONS = YES;
				CLANG_WARN_DIRECT_OBJC_ISA_USAGE = YES_ERROR;
				CLANG_WARN_DOCUMENTATION_COMMENTS = YES;
				CLANG_WARN_EMPTY_BODY = YES;
				CLANG_WARN_ENUM_CONVERSION = YES;
				CLANG_WARN_INFINITE_RECURSION = YES;
				CLANG_WARN_INT_CONVERSION = YES;
				CLANG_WARN_NON_LITERAL_NULL_CONVERSION = YES;
				CLANG_WARN_OBJC_IMPLICIT_RETAIN_SELF = YES;
				CLANG_WARN_OBJC_LITERAL_CONVERSION = YES;
				CLANG_WARN_OBJC_ROOT_CLASS = YES_ERROR;
				CLANG_WARN_QUOTED_INCLUDE_IN_FRAMEWORK_HEADER = YES;
				CLANG_WARN_RANGE_LOOP_ANALYSIS = YES;
				CLANG_WARN_STRICT_PROTOTYPES = YES;
				CLANG_WARN_SUSPICIOUS_MOVE = YES;
				CLANG_WARN_UNGUARDED_AVAILABILITY = YES_AGGRESSIVE;
				CLANG_WARN_UNREACHABLE_CODE = YES;
				CLANG_WARN__DUPLICATE_METHOD_MATCH = YES;
				COPY_PHASE_STRIP = NO;
				DEBUG_INFORMATION_FORMAT = "dwarf-with-dsym";
				ENABLE_NS_ASSERTIONS = NO;
				ENABLE_STRICT_OBJC_MSGSEND = YES;
				GCC_C_LANGUAGE_STANDARD = gnu11;
				GCC_NO_COMMON_BLOCKS = YES;
				GCC_WARN_64_TO_32_BIT_CONVERSION = YES;
				GCC_WARN_ABOUT_RETURN_TYPE = YES_ERROR;
				GCC_WARN_UNDECLARED_SELECTOR = YES;
				GCC_WARN_UNINITIALIZED_AUTOS = YES_AGGRESSIVE;
				GCC_WARN_UNUSED_FUNCTION = YES;
				GCC_WARN_UNUSED_VARIABLE = YES;
				IPHONEOS_DEPLOYMENT_TARGET = 15.4;
				MTL_ENABLE_DEBUG_INFO = NO;
				MTL_FAST_MATH = YES;
				SDKROOT = iphoneos;
				SWIFT_COMPILATION_MODE = wholemodule;
				SWIFT_OPTIMIZATION_LEVEL = "-O";
				VALIDATE_PRODUCT = YES;
			};
			name = Release;
		};
		29460394294C3D6400175C2A /* Debug */ = {
			isa = XCBuildConfiguration;
			buildSettings = {
				ASSETCATALOG_COMPILER_APPICON_NAME = AppIcon;
				ASSETCATALOG_COMPILER_GLOBAL_ACCENT_COLOR_NAME = AccentColor;
				CODE_SIGN_STYLE = Automatic;
				CURRENT_PROJECT_VERSION = 1;
				GENERATE_INFOPLIST_FILE = YES;
				INFOPLIST_FILE = MessangerApp/Info.plist;
				INFOPLIST_KEY_UIApplicationSupportsIndirectInputEvents = YES;
				INFOPLIST_KEY_UILaunchStoryboardName = LaunchScreen;
				INFOPLIST_KEY_UIMainStoryboardFile = Main;
				INFOPLIST_KEY_UISupportedInterfaceOrientations = UIInterfaceOrientationPortrait;
				INFOPLIST_KEY_UISupportedInterfaceOrientations_iPad = "UIInterfaceOrientationPortrait UIInterfaceOrientationPortraitUpsideDown UIInterfaceOrientationLandscapeLeft UIInterfaceOrientationLandscapeRight";
				INFOPLIST_KEY_UISupportedInterfaceOrientations_iPhone = "UIInterfaceOrientationPortrait UIInterfaceOrientationLandscapeLeft UIInterfaceOrientationLandscapeRight";
				LD_RUNPATH_SEARCH_PATHS = (
					"$(inherited)",
					"@executable_path/Frameworks",
				);
				MARKETING_VERSION = 1.0;
				PRODUCT_BUNDLE_IDENTIFIER = com.mindrops.MessangerApp;
				PRODUCT_NAME = "$(TARGET_NAME)";
				SWIFT_EMIT_LOC_STRINGS = YES;
				SWIFT_VERSION = 5.0;
				TARGETED_DEVICE_FAMILY = "1,2";
			};
			name = Debug;
		};
		29460395294C3D6400175C2A /* Release */ = {
			isa = XCBuildConfiguration;
			buildSettings = {
				ASSETCATALOG_COMPILER_APPICON_NAME = AppIcon;
				ASSETCATALOG_COMPILER_GLOBAL_ACCENT_COLOR_NAME = AccentColor;
				CODE_SIGN_STYLE = Automatic;
				CURRENT_PROJECT_VERSION = 1;
				GENERATE_INFOPLIST_FILE = YES;
				INFOPLIST_FILE = MessangerApp/Info.plist;
				INFOPLIST_KEY_UIApplicationSupportsIndirectInputEvents = YES;
				INFOPLIST_KEY_UILaunchStoryboardName = LaunchScreen;
				INFOPLIST_KEY_UIMainStoryboardFile = Main;
				INFOPLIST_KEY_UISupportedInterfaceOrientations = UIInterfaceOrientationPortrait;
				INFOPLIST_KEY_UISupportedInterfaceOrientations_iPad = "UIInterfaceOrientationPortrait UIInterfaceOrientationPortraitUpsideDown UIInterfaceOrientationLandscapeLeft UIInterfaceOrientationLandscapeRight";
				INFOPLIST_KEY_UISupportedInterfaceOrientations_iPhone = "UIInterfaceOrientationPortrait UIInterfaceOrientationLandscapeLeft UIInterfaceOrientationLandscapeRight";
				LD_RUNPATH_SEARCH_PATHS = (
					"$(inherited)",
					"@executable_path/Frameworks",
				);
				MARKETING_VERSION = 1.0;
				PRODUCT_BUNDLE_IDENTIFIER = com.mindrops.MessangerApp;
				PRODUCT_NAME = "$(TARGET_NAME)";
				SWIFT_EMIT_LOC_STRINGS = YES;
				SWIFT_VERSION = 5.0;
				TARGETED_DEVICE_FAMILY = "1,2";
			};
			name = Release;
		};
/* End XCBuildConfiguration section */

/* Begin XCConfigurationList section */
		2946037A294C3D6000175C2A /* Build configuration list for PBXProject "MessangerApp" */ = {
			isa = XCConfigurationList;
			buildConfigurations = (
				29460391294C3D6400175C2A /* Debug */,
				29460392294C3D6400175C2A /* Release */,
			);
			defaultConfigurationIsVisible = 0;
			defaultConfigurationName = Release;
		};
		29460393294C3D6400175C2A /* Build configuration list for PBXNativeTarget "MessangerApp" */ = {
			isa = XCConfigurationList;
			buildConfigurations = (
				29460394294C3D6400175C2A /* Debug */,
				29460395294C3D6400175C2A /* Release */,
			);
			defaultConfigurationIsVisible = 0;
			defaultConfigurationName = Release;
		};
/* End XCConfigurationList section */
	};
	rootObject = 29460377294C3D6000175C2A /* Project object */;
}
